
Microsoft Visual Studio Solution File, Format Version 12.00
# Visual Studio Version 17
VisualStudioVersion = 17.5.002.0
MinimumVisualStudioVersion = 10.0.40219.1
Project("{9A19103F-16F7-4668-BE54-9A1E7A4F7556}") = "Soru4", "Soru4.csproj", "{CBE1C193-D13E-4CAE-938C-D35CA4973358}"
EndProject
Global
	GlobalSection(SolutionConfigurationPlatforms) = preSolution
		Debug|Any CPU = Debug|Any CPU
		Release|Any CPU = Release|Any CPU
	EndGlobalSection
	GlobalSection(ProjectConfigurationPlatforms) = postSolution
		{CBE1C193-D13E-4CAE-938C-D35CA4973358}.Debug|Any CPU.ActiveCfg = Debug|Any CPU
		{CBE1C193-D13E-4CAE-938C-D35CA4973358}.Debug|Any CPU.Build.0 = Debug|Any CPU
		{CBE1C193-D13E-4CAE-938C-D35CA4973358}.Release|Any CPU.ActiveCfg = Release|Any CPU
		{CBE1C193-D13E-4CAE-938C-D35CA4973358}.Release|Any CPU.Build.0 = Release|Any CPU
	EndGlobalSection
	GlobalSection(SolutionProperties) = preSolution
		HideSolutionNode = FALSE
	EndGlobalSection
	GlobalSection(ExtensibilityGlobals) = postSolution
		SolutionGuid = {D7481FF3-C0A2-4831-B012-20DBC2084DA2}
	EndGlobalSection
EndGlobal
