
Microsoft Visual Studio Solution File, Format Version 12.00
# Visual Studio Version 17
VisualStudioVersion = 17.5.002.0
MinimumVisualStudioVersion = 10.0.40219.1
Project("{9A19103F-16F7-4668-BE54-9A1E7A4F7556}") = "Soru3", "Soru3.csproj", "{0FC8FEF0-6ABD-4B47-89B2-CD5486F4B8CB}"
EndProject
Global
	GlobalSection(SolutionConfigurationPlatforms) = preSolution
		Debug|Any CPU = Debug|Any CPU
		Release|Any CPU = Release|Any CPU
	EndGlobalSection
	GlobalSection(ProjectConfigurationPlatforms) = postSolution
		{0FC8FEF0-6ABD-4B47-89B2-CD5486F4B8CB}.Debug|Any CPU.ActiveCfg = Debug|Any CPU
		{0FC8FEF0-6ABD-4B47-89B2-CD5486F4B8CB}.Debug|Any CPU.Build.0 = Debug|Any CPU
		{0FC8FEF0-6ABD-4B47-89B2-CD5486F4B8CB}.Release|Any CPU.ActiveCfg = Release|Any CPU
		{0FC8FEF0-6ABD-4B47-89B2-CD5486F4B8CB}.Release|Any CPU.Build.0 = Release|Any CPU
	EndGlobalSection
	GlobalSection(SolutionProperties) = preSolution
		HideSolutionNode = FALSE
	EndGlobalSection
	GlobalSection(ExtensibilityGlobals) = postSolution
		SolutionGuid = {67723403-8B68-4916-BA8D-C20A0A436EC0}
	EndGlobalSection
EndGlobal
