
Microsoft Visual Studio Solution File, Format Version 12.00
# Visual Studio Version 17
VisualStudioVersion = 17.5.002.0
MinimumVisualStudioVersion = 10.0.40219.1
Project("{2150E333-8FDC-42A3-9474-1A3956D46DE8}") = "01-Bilgisayar Bilimi", "01-Bilgisayar Bilimi", "{50F5F224-65A2-4843-B3D6-5E04B8B4DE5A}"
EndProject
Project("{2150E333-8FDC-42A3-9474-1A3956D46DE8}") = "Week2", "Week2", "{C46D125C-231C-41AA-8FA9-2879680AE7DA}"
EndProject
Project("{2150E333-8FDC-42A3-9474-1A3956D46DE8}") = "21-08-2024", "21-08-2024", "{90E43833-BFFF-4877-8C03-B1035EEA5393}"
EndProject
Project("{9A19103F-16F7-4668-BE54-9A1E7A4F7556}") = "Project01_First", "01-Bilgisayar Bilimi\Week2\21-08-2024\Project01_First\Project01_First.csproj", "{D98A429A-A250-4C63-B447-A0A10674F84D}"
EndProject
Project("{9A19103F-16F7-4668-BE54-9A1E7A4F7556}") = "Project02_WithProgramMain", "01-Bilgisayar Bilimi\Week2\21-08-2024\Project02_WithProgramMain\Project02_WithProgramMain.csproj", "{896C2872-CC90-4501-A998-5B70F9DA6D57}"
EndProject
Global
	GlobalSection(SolutionConfigurationPlatforms) = preSolution
		Debug|Any CPU = Debug|Any CPU
		Release|Any CPU = Release|Any CPU
	EndGlobalSection
	GlobalSection(ProjectConfigurationPlatforms) = postSolution
		{D98A429A-A250-4C63-B447-A0A10674F84D}.Debug|Any CPU.ActiveCfg = Debug|Any CPU
		{D98A429A-A250-4C63-B447-A0A10674F84D}.Debug|Any CPU.Build.0 = Debug|Any CPU
		{D98A429A-A250-4C63-B447-A0A10674F84D}.Release|Any CPU.ActiveCfg = Release|Any CPU
		{D98A429A-A250-4C63-B447-A0A10674F84D}.Release|Any CPU.Build.0 = Release|Any CPU
		{896C2872-CC90-4501-A998-5B70F9DA6D57}.Debug|Any CPU.ActiveCfg = Debug|Any CPU
		{896C2872-CC90-4501-A998-5B70F9DA6D57}.Debug|Any CPU.Build.0 = Debug|Any CPU
		{896C2872-CC90-4501-A998-5B70F9DA6D57}.Release|Any CPU.ActiveCfg = Release|Any CPU
		{896C2872-CC90-4501-A998-5B70F9DA6D57}.Release|Any CPU.Build.0 = Release|Any CPU
	EndGlobalSection
	GlobalSection(SolutionProperties) = preSolution
		HideSolutionNode = FALSE
	EndGlobalSection
	GlobalSection(NestedProjects) = preSolution
		{C46D125C-231C-41AA-8FA9-2879680AE7DA} = {50F5F224-65A2-4843-B3D6-5E04B8B4DE5A}
		{90E43833-BFFF-4877-8C03-B1035EEA5393} = {C46D125C-231C-41AA-8FA9-2879680AE7DA}
		{D98A429A-A250-4C63-B447-A0A10674F84D} = {90E43833-BFFF-4877-8C03-B1035EEA5393}
		{896C2872-CC90-4501-A998-5B70F9DA6D57} = {90E43833-BFFF-4877-8C03-B1035EEA5393}
	EndGlobalSection
	GlobalSection(ExtensibilityGlobals) = postSolution
		SolutionGuid = {D092A496-177E-428A-B9B4-5A31FD118387}
	EndGlobalSection
EndGlobal
