
Microsoft Visual Studio Solution File, Format Version 12.00
# Visual Studio Version 17
VisualStudioVersion = 17.5.002.0
MinimumVisualStudioVersion = 10.0.40219.1
Project("{9A19103F-16F7-4668-BE54-9A1E7A4F7556}") = "string-methods-homework", "string-methods-homework\string-methods-homework.csproj", "{1076C14A-BE8D-4397-A75A-CA4DFF47D931}"
EndProject
Project("{2150E333-8FDC-42A3-9474-1A3956D46DE8}") = "number-methods-homework", "number-methods-homework", "{C7F9586C-AF47-452F-B49D-209B7FFA5D83}"
EndProject
Project("{9A19103F-16F7-4668-BE54-9A1E7A4F7556}") = "Soru8", "number-methods-homework\Soru8\Soru8.csproj", "{2600205D-35F1-4A23-BA06-F2F906EBDCF1}"
EndProject
Project("{9A19103F-16F7-4668-BE54-9A1E7A4F7556}") = "Soru6", "number-methods-homework\Soru6\Soru6.csproj", "{C828F909-5377-47E4-AECA-FCD737E53E3F}"
EndProject
Project("{9A19103F-16F7-4668-BE54-9A1E7A4F7556}") = "Soru1", "number-methods-homework\Soru1\Soru1.csproj", "{51CDF013-C239-4DBB-9DE9-D4CF4A75E707}"
EndProject
Project("{9A19103F-16F7-4668-BE54-9A1E7A4F7556}") = "Soru7", "number-methods-homework\Soru7\Soru7.csproj", "{B667C594-161C-48E1-BD69-7B1D1942F39A}"
EndProject
Project("{9A19103F-16F7-4668-BE54-9A1E7A4F7556}") = "Soru9", "number-methods-homework\Soru9\Soru9.csproj", "{5AB2F504-99E3-4B60-A0F5-0F788DB0BAC4}"
EndProject
Project("{9A19103F-16F7-4668-BE54-9A1E7A4F7556}") = "Soru10", "number-methods-homework\Soru10\Soru10.csproj", "{8278E96F-007D-4693-B9CF-0FF05D819F87}"
EndProject
Project("{9A19103F-16F7-4668-BE54-9A1E7A4F7556}") = "Soru2", "number-methods-homework\Soru2\Soru2.csproj", "{F858271A-039E-43B7-B930-9B5C51F35BAD}"
EndProject
Project("{9A19103F-16F7-4668-BE54-9A1E7A4F7556}") = "Soru5", "number-methods-homework\Soru5\Soru5.csproj", "{457CC7BB-1DF1-476B-A51B-497171BBDB90}"
EndProject
Project("{9A19103F-16F7-4668-BE54-9A1E7A4F7556}") = "Soru4", "number-methods-homework\Soru4\Soru4.csproj", "{675EDCB4-21CC-4D8E-B940-B878ED2C3E9F}"
EndProject
Project("{9A19103F-16F7-4668-BE54-9A1E7A4F7556}") = "Soru3", "number-methods-homework\Soru3\Soru3.csproj", "{48F4A0D3-86E3-4981-91B2-8450FBB58EB9}"
EndProject
Project("{2150E333-8FDC-42A3-9474-1A3956D46DE8}") = "switch-homework", "switch-homework", "{9F320BAE-EDEB-4FEA-9C8E-55F7AFFBDBDF}"
EndProject
Project("{9A19103F-16F7-4668-BE54-9A1E7A4F7556}") = "Soru8", "switch-homework\Soru8\Soru8.csproj", "{79E5A66E-CB39-4513-B4BA-D30D10E1691D}"
EndProject
Project("{9A19103F-16F7-4668-BE54-9A1E7A4F7556}") = "Soru6", "switch-homework\Soru6\Soru6.csproj", "{E8C68A09-55FD-4A44-9656-AC7FC61CC063}"
EndProject
Project("{9A19103F-16F7-4668-BE54-9A1E7A4F7556}") = "Soru1", "switch-homework\Soru1\Soru1.csproj", "{7497DC92-8B71-4793-8E5A-13DCB5F7F016}"
EndProject
Project("{9A19103F-16F7-4668-BE54-9A1E7A4F7556}") = "Soru7", "switch-homework\Soru7\Soru7.csproj", "{B717C432-E5F8-4C60-893E-B2B53867EAA9}"
EndProject
Project("{9A19103F-16F7-4668-BE54-9A1E7A4F7556}") = "Soru9", "switch-homework\Soru9\Soru9.csproj", "{047EF0C5-E151-4984-A1B8-0EC6DE5CDB69}"
EndProject
Project("{9A19103F-16F7-4668-BE54-9A1E7A4F7556}") = "Soru10", "switch-homework\Soru10\Soru10.csproj", "{1F27A80E-C386-4783-BE8D-E51EC67ACD18}"
EndProject
Project("{9A19103F-16F7-4668-BE54-9A1E7A4F7556}") = "Soru2", "switch-homework\Soru2\Soru2.csproj", "{8E6A06BF-0066-4426-BCBC-2DC689C9ACC6}"
EndProject
Project("{9A19103F-16F7-4668-BE54-9A1E7A4F7556}") = "Soru5", "switch-homework\Soru5\Soru5.csproj", "{5536BB3C-9DD9-49AB-8EB5-B2C2247C3F84}"
EndProject
Project("{9A19103F-16F7-4668-BE54-9A1E7A4F7556}") = "Soru4", "switch-homework\Soru4\Soru4.csproj", "{E16D658F-D059-466B-8B34-8AFC8E9E7F96}"
EndProject
Project("{9A19103F-16F7-4668-BE54-9A1E7A4F7556}") = "Soru3", "switch-homework\Soru3\Soru3.csproj", "{46645E48-DC86-4932-90DA-05A95D8B19C4}"
EndProject
Project("{2150E333-8FDC-42A3-9474-1A3956D46DE8}") = "04-if-else-homework", "04-if-else-homework", "{E5372513-ED25-4B63-949F-1054677115A4}"
EndProject
Project("{9A19103F-16F7-4668-BE54-9A1E7A4F7556}") = "Soru8", "04-if-else-homework\Soru8\Soru8.csproj", "{21514D34-9F0E-48B1-8334-B1189C6656BA}"
EndProject
Project("{9A19103F-16F7-4668-BE54-9A1E7A4F7556}") = "Soru6", "04-if-else-homework\Soru6\Soru6.csproj", "{DA1ECB1F-EE4C-4463-8ABA-8476F72F7AFA}"
EndProject
Project("{9A19103F-16F7-4668-BE54-9A1E7A4F7556}") = "Soru1", "04-if-else-homework\Soru1\Soru1.csproj", "{8E4B7162-8633-47B3-B4EC-AFCD606E9892}"
EndProject
Project("{9A19103F-16F7-4668-BE54-9A1E7A4F7556}") = "Soru7", "04-if-else-homework\Soru7\Soru7.csproj", "{8883BE86-1359-4810-A121-789B6119E9C5}"
EndProject
Project("{9A19103F-16F7-4668-BE54-9A1E7A4F7556}") = "Soru9", "04-if-else-homework\Soru9\Soru9.csproj", "{2E4895FE-FFDE-4520-88EC-064F62FE408A}"
EndProject
Project("{9A19103F-16F7-4668-BE54-9A1E7A4F7556}") = "Soru10", "04-if-else-homework\Soru10\Soru10.csproj", "{EE807EA1-1827-41D6-B185-5BCF1E64ACF4}"
EndProject
Project("{9A19103F-16F7-4668-BE54-9A1E7A4F7556}") = "Soru2", "04-if-else-homework\Soru2\Soru2.csproj", "{3B58D56F-E685-4B3A-B146-14E80C7FC69B}"
EndProject
Project("{9A19103F-16F7-4668-BE54-9A1E7A4F7556}") = "Soru5", "04-if-else-homework\Soru5\Soru5.csproj", "{971CE11B-B092-4E73-9172-EE8B5A5B044C}"
EndProject
Project("{9A19103F-16F7-4668-BE54-9A1E7A4F7556}") = "Soru4", "04-if-else-homework\Soru4\Soru4.csproj", "{EBF94AF4-F4F0-4ECF-8A49-2789DCFCF943}"
EndProject
Project("{9A19103F-16F7-4668-BE54-9A1E7A4F7556}") = "Soru3", "04-if-else-homework\Soru3\Soru3.csproj", "{1E4A3CEE-67EE-4969-96A6-AD453AC394A3}"
EndProject
Project("{2150E333-8FDC-42A3-9474-1A3956D46DE8}") = "string-methods-homework (1)", "string-methods-homework", "{5BCF11D8-8D7F-4375-902C-21D0A653B597}"
EndProject
Project("{9A19103F-16F7-4668-BE54-9A1E7A4F7556}") = "Soru1", "string-methods-homework\Soru1\Soru1.csproj", "{142481D8-8FB9-41A6-94FD-594A8C36991E}"
EndProject
Project("{9A19103F-16F7-4668-BE54-9A1E7A4F7556}") = "Soru2", "string-methods-homework\Soru2\Soru2.csproj", "{DE24D744-6A58-49BB-B83B-FF91CFB8239C}"
EndProject
Project("{9A19103F-16F7-4668-BE54-9A1E7A4F7556}") = "Soru5", "string-methods-homework\Soru5\Soru5.csproj", "{92E625B9-7200-4457-950C-3CEF23DA9C4A}"
EndProject
Project("{9A19103F-16F7-4668-BE54-9A1E7A4F7556}") = "Soru4", "string-methods-homework\Soru4\Soru4.csproj", "{54DC6C7E-1D09-4596-87A8-DA380A677918}"
EndProject
Project("{9A19103F-16F7-4668-BE54-9A1E7A4F7556}") = "Soru3", "string-methods-homework\Soru3\Soru3.csproj", "{13D0FFFE-5220-4681-82C8-08EA6038DAC2}"
EndProject
Project("{2150E333-8FDC-42A3-9474-1A3956D46DE8}") = "datetime-methods-homework", "datetime-methods-homework", "{8B1DBC7B-0324-46EE-BF0E-88F24A32A703}"
EndProject
Project("{9A19103F-16F7-4668-BE54-9A1E7A4F7556}") = "Soru8", "datetime-methods-homework\Soru8\Soru8.csproj", "{12CCE3C9-287A-4166-A44E-38335F0BF331}"
EndProject
Project("{9A19103F-16F7-4668-BE54-9A1E7A4F7556}") = "Soru6", "datetime-methods-homework\Soru6\Soru6.csproj", "{A7665475-67EF-4570-870B-9A3794900CDE}"
EndProject
Project("{9A19103F-16F7-4668-BE54-9A1E7A4F7556}") = "Soru1", "datetime-methods-homework\Soru1\Soru1.csproj", "{92237F5B-2CAB-4E71-A1E8-C0DA726DD3C8}"
EndProject
Project("{9A19103F-16F7-4668-BE54-9A1E7A4F7556}") = "Soru7", "datetime-methods-homework\Soru7\Soru7.csproj", "{DAD0435C-96B0-4827-B6E4-1F419255D570}"
EndProject
Project("{9A19103F-16F7-4668-BE54-9A1E7A4F7556}") = "Soru9", "datetime-methods-homework\Soru9\Soru9.csproj", "{52187CE9-E08A-4460-9282-F99626B8F901}"
EndProject
Project("{9A19103F-16F7-4668-BE54-9A1E7A4F7556}") = "Soru10", "datetime-methods-homework\Soru10\Soru10.csproj", "{3FDBA9C4-C66F-4BE1-8EBF-08F01C5C00B9}"
EndProject
Project("{9A19103F-16F7-4668-BE54-9A1E7A4F7556}") = "Soru2", "datetime-methods-homework\Soru2\Soru2.csproj", "{68592C65-D080-4724-9235-8DAA290BE7C3}"
EndProject
Project("{9A19103F-16F7-4668-BE54-9A1E7A4F7556}") = "Soru5", "datetime-methods-homework\Soru5\Soru5.csproj", "{54CE125B-30C8-455D-BDDA-37C967A8AD4B}"
EndProject
Project("{9A19103F-16F7-4668-BE54-9A1E7A4F7556}") = "Soru4", "datetime-methods-homework\Soru4\Soru4.csproj", "{D7C75492-6944-4010-B3AC-513B5D71DB0B}"
EndProject
Project("{9A19103F-16F7-4668-BE54-9A1E7A4F7556}") = "Soru3", "datetime-methods-homework\Soru3\Soru3.csproj", "{F7922703-6249-4FEB-87A6-BA6E4B1263E7}"
EndProject
Global
	GlobalSection(SolutionConfigurationPlatforms) = preSolution
		Debug|Any CPU = Debug|Any CPU
		Release|Any CPU = Release|Any CPU
	EndGlobalSection
	GlobalSection(ProjectConfigurationPlatforms) = postSolution
		{1076C14A-BE8D-4397-A75A-CA4DFF47D931}.Debug|Any CPU.ActiveCfg = Debug|Any CPU
		{1076C14A-BE8D-4397-A75A-CA4DFF47D931}.Debug|Any CPU.Build.0 = Debug|Any CPU
		{1076C14A-BE8D-4397-A75A-CA4DFF47D931}.Release|Any CPU.ActiveCfg = Release|Any CPU
		{1076C14A-BE8D-4397-A75A-CA4DFF47D931}.Release|Any CPU.Build.0 = Release|Any CPU
		{2600205D-35F1-4A23-BA06-F2F906EBDCF1}.Debug|Any CPU.ActiveCfg = Debug|Any CPU
		{2600205D-35F1-4A23-BA06-F2F906EBDCF1}.Debug|Any CPU.Build.0 = Debug|Any CPU
		{2600205D-35F1-4A23-BA06-F2F906EBDCF1}.Release|Any CPU.ActiveCfg = Release|Any CPU
		{2600205D-35F1-4A23-BA06-F2F906EBDCF1}.Release|Any CPU.Build.0 = Release|Any CPU
		{C828F909-5377-47E4-AECA-FCD737E53E3F}.Debug|Any CPU.ActiveCfg = Debug|Any CPU
		{C828F909-5377-47E4-AECA-FCD737E53E3F}.Debug|Any CPU.Build.0 = Debug|Any CPU
		{C828F909-5377-47E4-AECA-FCD737E53E3F}.Release|Any CPU.ActiveCfg = Release|Any CPU
		{C828F909-5377-47E4-AECA-FCD737E53E3F}.Release|Any CPU.Build.0 = Release|Any CPU
		{51CDF013-C239-4DBB-9DE9-D4CF4A75E707}.Debug|Any CPU.ActiveCfg = Debug|Any CPU
		{51CDF013-C239-4DBB-9DE9-D4CF4A75E707}.Debug|Any CPU.Build.0 = Debug|Any CPU
		{51CDF013-C239-4DBB-9DE9-D4CF4A75E707}.Release|Any CPU.ActiveCfg = Release|Any CPU
		{51CDF013-C239-4DBB-9DE9-D4CF4A75E707}.Release|Any CPU.Build.0 = Release|Any CPU
		{B667C594-161C-48E1-BD69-7B1D1942F39A}.Debug|Any CPU.ActiveCfg = Debug|Any CPU
		{B667C594-161C-48E1-BD69-7B1D1942F39A}.Debug|Any CPU.Build.0 = Debug|Any CPU
		{B667C594-161C-48E1-BD69-7B1D1942F39A}.Release|Any CPU.ActiveCfg = Release|Any CPU
		{B667C594-161C-48E1-BD69-7B1D1942F39A}.Release|Any CPU.Build.0 = Release|Any CPU
		{5AB2F504-99E3-4B60-A0F5-0F788DB0BAC4}.Debug|Any CPU.ActiveCfg = Debug|Any CPU
		{5AB2F504-99E3-4B60-A0F5-0F788DB0BAC4}.Debug|Any CPU.Build.0 = Debug|Any CPU
		{5AB2F504-99E3-4B60-A0F5-0F788DB0BAC4}.Release|Any CPU.ActiveCfg = Release|Any CPU
		{5AB2F504-99E3-4B60-A0F5-0F788DB0BAC4}.Release|Any CPU.Build.0 = Release|Any CPU
		{8278E96F-007D-4693-B9CF-0FF05D819F87}.Debug|Any CPU.ActiveCfg = Debug|Any CPU
		{8278E96F-007D-4693-B9CF-0FF05D819F87}.Debug|Any CPU.Build.0 = Debug|Any CPU
		{8278E96F-007D-4693-B9CF-0FF05D819F87}.Release|Any CPU.ActiveCfg = Release|Any CPU
		{8278E96F-007D-4693-B9CF-0FF05D819F87}.Release|Any CPU.Build.0 = Release|Any CPU
		{F858271A-039E-43B7-B930-9B5C51F35BAD}.Debug|Any CPU.ActiveCfg = Debug|Any CPU
		{F858271A-039E-43B7-B930-9B5C51F35BAD}.Debug|Any CPU.Build.0 = Debug|Any CPU
		{F858271A-039E-43B7-B930-9B5C51F35BAD}.Release|Any CPU.ActiveCfg = Release|Any CPU
		{F858271A-039E-43B7-B930-9B5C51F35BAD}.Release|Any CPU.Build.0 = Release|Any CPU
		{457CC7BB-1DF1-476B-A51B-497171BBDB90}.Debug|Any CPU.ActiveCfg = Debug|Any CPU
		{457CC7BB-1DF1-476B-A51B-497171BBDB90}.Debug|Any CPU.Build.0 = Debug|Any CPU
		{457CC7BB-1DF1-476B-A51B-497171BBDB90}.Release|Any CPU.ActiveCfg = Release|Any CPU
		{457CC7BB-1DF1-476B-A51B-497171BBDB90}.Release|Any CPU.Build.0 = Release|Any CPU
		{675EDCB4-21CC-4D8E-B940-B878ED2C3E9F}.Debug|Any CPU.ActiveCfg = Debug|Any CPU
		{675EDCB4-21CC-4D8E-B940-B878ED2C3E9F}.Debug|Any CPU.Build.0 = Debug|Any CPU
		{675EDCB4-21CC-4D8E-B940-B878ED2C3E9F}.Release|Any CPU.ActiveCfg = Release|Any CPU
		{675EDCB4-21CC-4D8E-B940-B878ED2C3E9F}.Release|Any CPU.Build.0 = Release|Any CPU
		{48F4A0D3-86E3-4981-91B2-8450FBB58EB9}.Debug|Any CPU.ActiveCfg = Debug|Any CPU
		{48F4A0D3-86E3-4981-91B2-8450FBB58EB9}.Debug|Any CPU.Build.0 = Debug|Any CPU
		{48F4A0D3-86E3-4981-91B2-8450FBB58EB9}.Release|Any CPU.ActiveCfg = Release|Any CPU
		{48F4A0D3-86E3-4981-91B2-8450FBB58EB9}.Release|Any CPU.Build.0 = Release|Any CPU
		{79E5A66E-CB39-4513-B4BA-D30D10E1691D}.Debug|Any CPU.ActiveCfg = Debug|Any CPU
		{79E5A66E-CB39-4513-B4BA-D30D10E1691D}.Debug|Any CPU.Build.0 = Debug|Any CPU
		{79E5A66E-CB39-4513-B4BA-D30D10E1691D}.Release|Any CPU.ActiveCfg = Release|Any CPU
		{79E5A66E-CB39-4513-B4BA-D30D10E1691D}.Release|Any CPU.Build.0 = Release|Any CPU
		{E8C68A09-55FD-4A44-9656-AC7FC61CC063}.Debug|Any CPU.ActiveCfg = Debug|Any CPU
		{E8C68A09-55FD-4A44-9656-AC7FC61CC063}.Debug|Any CPU.Build.0 = Debug|Any CPU
		{E8C68A09-55FD-4A44-9656-AC7FC61CC063}.Release|Any CPU.ActiveCfg = Release|Any CPU
		{E8C68A09-55FD-4A44-9656-AC7FC61CC063}.Release|Any CPU.Build.0 = Release|Any CPU
		{7497DC92-8B71-4793-8E5A-13DCB5F7F016}.Debug|Any CPU.ActiveCfg = Debug|Any CPU
		{7497DC92-8B71-4793-8E5A-13DCB5F7F016}.Debug|Any CPU.Build.0 = Debug|Any CPU
		{7497DC92-8B71-4793-8E5A-13DCB5F7F016}.Release|Any CPU.ActiveCfg = Release|Any CPU
		{7497DC92-8B71-4793-8E5A-13DCB5F7F016}.Release|Any CPU.Build.0 = Release|Any CPU
		{B717C432-E5F8-4C60-893E-B2B53867EAA9}.Debug|Any CPU.ActiveCfg = Debug|Any CPU
		{B717C432-E5F8-4C60-893E-B2B53867EAA9}.Debug|Any CPU.Build.0 = Debug|Any CPU
		{B717C432-E5F8-4C60-893E-B2B53867EAA9}.Release|Any CPU.ActiveCfg = Release|Any CPU
		{B717C432-E5F8-4C60-893E-B2B53867EAA9}.Release|Any CPU.Build.0 = Release|Any CPU
		{047EF0C5-E151-4984-A1B8-0EC6DE5CDB69}.Debug|Any CPU.ActiveCfg = Debug|Any CPU
		{047EF0C5-E151-4984-A1B8-0EC6DE5CDB69}.Debug|Any CPU.Build.0 = Debug|Any CPU
		{047EF0C5-E151-4984-A1B8-0EC6DE5CDB69}.Release|Any CPU.ActiveCfg = Release|Any CPU
		{047EF0C5-E151-4984-A1B8-0EC6DE5CDB69}.Release|Any CPU.Build.0 = Release|Any CPU
		{1F27A80E-C386-4783-BE8D-E51EC67ACD18}.Debug|Any CPU.ActiveCfg = Debug|Any CPU
		{1F27A80E-C386-4783-BE8D-E51EC67ACD18}.Debug|Any CPU.Build.0 = Debug|Any CPU
		{1F27A80E-C386-4783-BE8D-E51EC67ACD18}.Release|Any CPU.ActiveCfg = Release|Any CPU
		{1F27A80E-C386-4783-BE8D-E51EC67ACD18}.Release|Any CPU.Build.0 = Release|Any CPU
		{8E6A06BF-0066-4426-BCBC-2DC689C9ACC6}.Debug|Any CPU.ActiveCfg = Debug|Any CPU
		{8E6A06BF-0066-4426-BCBC-2DC689C9ACC6}.Debug|Any CPU.Build.0 = Debug|Any CPU
		{8E6A06BF-0066-4426-BCBC-2DC689C9ACC6}.Release|Any CPU.ActiveCfg = Release|Any CPU
		{8E6A06BF-0066-4426-BCBC-2DC689C9ACC6}.Release|Any CPU.Build.0 = Release|Any CPU
		{5536BB3C-9DD9-49AB-8EB5-B2C2247C3F84}.Debug|Any CPU.ActiveCfg = Debug|Any CPU
		{5536BB3C-9DD9-49AB-8EB5-B2C2247C3F84}.Debug|Any CPU.Build.0 = Debug|Any CPU
		{5536BB3C-9DD9-49AB-8EB5-B2C2247C3F84}.Release|Any CPU.ActiveCfg = Release|Any CPU
		{5536BB3C-9DD9-49AB-8EB5-B2C2247C3F84}.Release|Any CPU.Build.0 = Release|Any CPU
		{E16D658F-D059-466B-8B34-8AFC8E9E7F96}.Debug|Any CPU.ActiveCfg = Debug|Any CPU
		{E16D658F-D059-466B-8B34-8AFC8E9E7F96}.Debug|Any CPU.Build.0 = Debug|Any CPU
		{E16D658F-D059-466B-8B34-8AFC8E9E7F96}.Release|Any CPU.ActiveCfg = Release|Any CPU
		{E16D658F-D059-466B-8B34-8AFC8E9E7F96}.Release|Any CPU.Build.0 = Release|Any CPU
		{46645E48-DC86-4932-90DA-05A95D8B19C4}.Debug|Any CPU.ActiveCfg = Debug|Any CPU
		{46645E48-DC86-4932-90DA-05A95D8B19C4}.Debug|Any CPU.Build.0 = Debug|Any CPU
		{46645E48-DC86-4932-90DA-05A95D8B19C4}.Release|Any CPU.ActiveCfg = Release|Any CPU
		{46645E48-DC86-4932-90DA-05A95D8B19C4}.Release|Any CPU.Build.0 = Release|Any CPU
		{21514D34-9F0E-48B1-8334-B1189C6656BA}.Debug|Any CPU.ActiveCfg = Debug|Any CPU
		{21514D34-9F0E-48B1-8334-B1189C6656BA}.Debug|Any CPU.Build.0 = Debug|Any CPU
		{21514D34-9F0E-48B1-8334-B1189C6656BA}.Release|Any CPU.ActiveCfg = Release|Any CPU
		{21514D34-9F0E-48B1-8334-B1189C6656BA}.Release|Any CPU.Build.0 = Release|Any CPU
		{DA1ECB1F-EE4C-4463-8ABA-8476F72F7AFA}.Debug|Any CPU.ActiveCfg = Debug|Any CPU
		{DA1ECB1F-EE4C-4463-8ABA-8476F72F7AFA}.Debug|Any CPU.Build.0 = Debug|Any CPU
		{DA1ECB1F-EE4C-4463-8ABA-8476F72F7AFA}.Release|Any CPU.ActiveCfg = Release|Any CPU
		{DA1ECB1F-EE4C-4463-8ABA-8476F72F7AFA}.Release|Any CPU.Build.0 = Release|Any CPU
		{8E4B7162-8633-47B3-B4EC-AFCD606E9892}.Debug|Any CPU.ActiveCfg = Debug|Any CPU
		{8E4B7162-8633-47B3-B4EC-AFCD606E9892}.Debug|Any CPU.Build.0 = Debug|Any CPU
		{8E4B7162-8633-47B3-B4EC-AFCD606E9892}.Release|Any CPU.ActiveCfg = Release|Any CPU
		{8E4B7162-8633-47B3-B4EC-AFCD606E9892}.Release|Any CPU.Build.0 = Release|Any CPU
		{8883BE86-1359-4810-A121-789B6119E9C5}.Debug|Any CPU.ActiveCfg = Debug|Any CPU
		{8883BE86-1359-4810-A121-789B6119E9C5}.Debug|Any CPU.Build.0 = Debug|Any CPU
		{8883BE86-1359-4810-A121-789B6119E9C5}.Release|Any CPU.ActiveCfg = Release|Any CPU
		{8883BE86-1359-4810-A121-789B6119E9C5}.Release|Any CPU.Build.0 = Release|Any CPU
		{2E4895FE-FFDE-4520-88EC-064F62FE408A}.Debug|Any CPU.ActiveCfg = Debug|Any CPU
		{2E4895FE-FFDE-4520-88EC-064F62FE408A}.Debug|Any CPU.Build.0 = Debug|Any CPU
		{2E4895FE-FFDE-4520-88EC-064F62FE408A}.Release|Any CPU.ActiveCfg = Release|Any CPU
		{2E4895FE-FFDE-4520-88EC-064F62FE408A}.Release|Any CPU.Build.0 = Release|Any CPU
		{EE807EA1-1827-41D6-B185-5BCF1E64ACF4}.Debug|Any CPU.ActiveCfg = Debug|Any CPU
		{EE807EA1-1827-41D6-B185-5BCF1E64ACF4}.Debug|Any CPU.Build.0 = Debug|Any CPU
		{EE807EA1-1827-41D6-B185-5BCF1E64ACF4}.Release|Any CPU.ActiveCfg = Release|Any CPU
		{EE807EA1-1827-41D6-B185-5BCF1E64ACF4}.Release|Any CPU.Build.0 = Release|Any CPU
		{3B58D56F-E685-4B3A-B146-14E80C7FC69B}.Debug|Any CPU.ActiveCfg = Debug|Any CPU
		{3B58D56F-E685-4B3A-B146-14E80C7FC69B}.Debug|Any CPU.Build.0 = Debug|Any CPU
		{3B58D56F-E685-4B3A-B146-14E80C7FC69B}.Release|Any CPU.ActiveCfg = Release|Any CPU
		{3B58D56F-E685-4B3A-B146-14E80C7FC69B}.Release|Any CPU.Build.0 = Release|Any CPU
		{971CE11B-B092-4E73-9172-EE8B5A5B044C}.Debug|Any CPU.ActiveCfg = Debug|Any CPU
		{971CE11B-B092-4E73-9172-EE8B5A5B044C}.Debug|Any CPU.Build.0 = Debug|Any CPU
		{971CE11B-B092-4E73-9172-EE8B5A5B044C}.Release|Any CPU.ActiveCfg = Release|Any CPU
		{971CE11B-B092-4E73-9172-EE8B5A5B044C}.Release|Any CPU.Build.0 = Release|Any CPU
		{EBF94AF4-F4F0-4ECF-8A49-2789DCFCF943}.Debug|Any CPU.ActiveCfg = Debug|Any CPU
		{EBF94AF4-F4F0-4ECF-8A49-2789DCFCF943}.Debug|Any CPU.Build.0 = Debug|Any CPU
		{EBF94AF4-F4F0-4ECF-8A49-2789DCFCF943}.Release|Any CPU.ActiveCfg = Release|Any CPU
		{EBF94AF4-F4F0-4ECF-8A49-2789DCFCF943}.Release|Any CPU.Build.0 = Release|Any CPU
		{1E4A3CEE-67EE-4969-96A6-AD453AC394A3}.Debug|Any CPU.ActiveCfg = Debug|Any CPU
		{1E4A3CEE-67EE-4969-96A6-AD453AC394A3}.Debug|Any CPU.Build.0 = Debug|Any CPU
		{1E4A3CEE-67EE-4969-96A6-AD453AC394A3}.Release|Any CPU.ActiveCfg = Release|Any CPU
		{1E4A3CEE-67EE-4969-96A6-AD453AC394A3}.Release|Any CPU.Build.0 = Release|Any CPU
		{142481D8-8FB9-41A6-94FD-594A8C36991E}.Debug|Any CPU.ActiveCfg = Debug|Any CPU
		{142481D8-8FB9-41A6-94FD-594A8C36991E}.Debug|Any CPU.Build.0 = Debug|Any CPU
		{142481D8-8FB9-41A6-94FD-594A8C36991E}.Release|Any CPU.ActiveCfg = Release|Any CPU
		{142481D8-8FB9-41A6-94FD-594A8C36991E}.Release|Any CPU.Build.0 = Release|Any CPU
		{DE24D744-6A58-49BB-B83B-FF91CFB8239C}.Debug|Any CPU.ActiveCfg = Debug|Any CPU
		{DE24D744-6A58-49BB-B83B-FF91CFB8239C}.Debug|Any CPU.Build.0 = Debug|Any CPU
		{DE24D744-6A58-49BB-B83B-FF91CFB8239C}.Release|Any CPU.ActiveCfg = Release|Any CPU
		{DE24D744-6A58-49BB-B83B-FF91CFB8239C}.Release|Any CPU.Build.0 = Release|Any CPU
		{92E625B9-7200-4457-950C-3CEF23DA9C4A}.Debug|Any CPU.ActiveCfg = Debug|Any CPU
		{92E625B9-7200-4457-950C-3CEF23DA9C4A}.Debug|Any CPU.Build.0 = Debug|Any CPU
		{92E625B9-7200-4457-950C-3CEF23DA9C4A}.Release|Any CPU.ActiveCfg = Release|Any CPU
		{92E625B9-7200-4457-950C-3CEF23DA9C4A}.Release|Any CPU.Build.0 = Release|Any CPU
		{54DC6C7E-1D09-4596-87A8-DA380A677918}.Debug|Any CPU.ActiveCfg = Debug|Any CPU
		{54DC6C7E-1D09-4596-87A8-DA380A677918}.Debug|Any CPU.Build.0 = Debug|Any CPU
		{54DC6C7E-1D09-4596-87A8-DA380A677918}.Release|Any CPU.ActiveCfg = Release|Any CPU
		{54DC6C7E-1D09-4596-87A8-DA380A677918}.Release|Any CPU.Build.0 = Release|Any CPU
		{13D0FFFE-5220-4681-82C8-08EA6038DAC2}.Debug|Any CPU.ActiveCfg = Debug|Any CPU
		{13D0FFFE-5220-4681-82C8-08EA6038DAC2}.Debug|Any CPU.Build.0 = Debug|Any CPU
		{13D0FFFE-5220-4681-82C8-08EA6038DAC2}.Release|Any CPU.ActiveCfg = Release|Any CPU
		{13D0FFFE-5220-4681-82C8-08EA6038DAC2}.Release|Any CPU.Build.0 = Release|Any CPU
		{12CCE3C9-287A-4166-A44E-38335F0BF331}.Debug|Any CPU.ActiveCfg = Debug|Any CPU
		{12CCE3C9-287A-4166-A44E-38335F0BF331}.Debug|Any CPU.Build.0 = Debug|Any CPU
		{12CCE3C9-287A-4166-A44E-38335F0BF331}.Release|Any CPU.ActiveCfg = Release|Any CPU
		{12CCE3C9-287A-4166-A44E-38335F0BF331}.Release|Any CPU.Build.0 = Release|Any CPU
		{A7665475-67EF-4570-870B-9A3794900CDE}.Debug|Any CPU.ActiveCfg = Debug|Any CPU
		{A7665475-67EF-4570-870B-9A3794900CDE}.Debug|Any CPU.Build.0 = Debug|Any CPU
		{A7665475-67EF-4570-870B-9A3794900CDE}.Release|Any CPU.ActiveCfg = Release|Any CPU
		{A7665475-67EF-4570-870B-9A3794900CDE}.Release|Any CPU.Build.0 = Release|Any CPU
		{92237F5B-2CAB-4E71-A1E8-C0DA726DD3C8}.Debug|Any CPU.ActiveCfg = Debug|Any CPU
		{92237F5B-2CAB-4E71-A1E8-C0DA726DD3C8}.Debug|Any CPU.Build.0 = Debug|Any CPU
		{92237F5B-2CAB-4E71-A1E8-C0DA726DD3C8}.Release|Any CPU.ActiveCfg = Release|Any CPU
		{92237F5B-2CAB-4E71-A1E8-C0DA726DD3C8}.Release|Any CPU.Build.0 = Release|Any CPU
		{DAD0435C-96B0-4827-B6E4-1F419255D570}.Debug|Any CPU.ActiveCfg = Debug|Any CPU
		{DAD0435C-96B0-4827-B6E4-1F419255D570}.Debug|Any CPU.Build.0 = Debug|Any CPU
		{DAD0435C-96B0-4827-B6E4-1F419255D570}.Release|Any CPU.ActiveCfg = Release|Any CPU
		{DAD0435C-96B0-4827-B6E4-1F419255D570}.Release|Any CPU.Build.0 = Release|Any CPU
		{52187CE9-E08A-4460-9282-F99626B8F901}.Debug|Any CPU.ActiveCfg = Debug|Any CPU
		{52187CE9-E08A-4460-9282-F99626B8F901}.Debug|Any CPU.Build.0 = Debug|Any CPU
		{52187CE9-E08A-4460-9282-F99626B8F901}.Release|Any CPU.ActiveCfg = Release|Any CPU
		{52187CE9-E08A-4460-9282-F99626B8F901}.Release|Any CPU.Build.0 = Release|Any CPU
		{3FDBA9C4-C66F-4BE1-8EBF-08F01C5C00B9}.Debug|Any CPU.ActiveCfg = Debug|Any CPU
		{3FDBA9C4-C66F-4BE1-8EBF-08F01C5C00B9}.Debug|Any CPU.Build.0 = Debug|Any CPU
		{3FDBA9C4-C66F-4BE1-8EBF-08F01C5C00B9}.Release|Any CPU.ActiveCfg = Release|Any CPU
		{3FDBA9C4-C66F-4BE1-8EBF-08F01C5C00B9}.Release|Any CPU.Build.0 = Release|Any CPU
		{68592C65-D080-4724-9235-8DAA290BE7C3}.Debug|Any CPU.ActiveCfg = Debug|Any CPU
		{68592C65-D080-4724-9235-8DAA290BE7C3}.Debug|Any CPU.Build.0 = Debug|Any CPU
		{68592C65-D080-4724-9235-8DAA290BE7C3}.Release|Any CPU.ActiveCfg = Release|Any CPU
		{68592C65-D080-4724-9235-8DAA290BE7C3}.Release|Any CPU.Build.0 = Release|Any CPU
		{54CE125B-30C8-455D-BDDA-37C967A8AD4B}.Debug|Any CPU.ActiveCfg = Debug|Any CPU
		{54CE125B-30C8-455D-BDDA-37C967A8AD4B}.Debug|Any CPU.Build.0 = Debug|Any CPU
		{54CE125B-30C8-455D-BDDA-37C967A8AD4B}.Release|Any CPU.ActiveCfg = Release|Any CPU
		{54CE125B-30C8-455D-BDDA-37C967A8AD4B}.Release|Any CPU.Build.0 = Release|Any CPU
		{D7C75492-6944-4010-B3AC-513B5D71DB0B}.Debug|Any CPU.ActiveCfg = Debug|Any CPU
		{D7C75492-6944-4010-B3AC-513B5D71DB0B}.Debug|Any CPU.Build.0 = Debug|Any CPU
		{D7C75492-6944-4010-B3AC-513B5D71DB0B}.Release|Any CPU.ActiveCfg = Release|Any CPU
		{D7C75492-6944-4010-B3AC-513B5D71DB0B}.Release|Any CPU.Build.0 = Release|Any CPU
		{F7922703-6249-4FEB-87A6-BA6E4B1263E7}.Debug|Any CPU.ActiveCfg = Debug|Any CPU
		{F7922703-6249-4FEB-87A6-BA6E4B1263E7}.Debug|Any CPU.Build.0 = Debug|Any CPU
		{F7922703-6249-4FEB-87A6-BA6E4B1263E7}.Release|Any CPU.ActiveCfg = Release|Any CPU
		{F7922703-6249-4FEB-87A6-BA6E4B1263E7}.Release|Any CPU.Build.0 = Release|Any CPU
	EndGlobalSection
	GlobalSection(SolutionProperties) = preSolution
		HideSolutionNode = FALSE
	EndGlobalSection
	GlobalSection(NestedProjects) = preSolution
		{2600205D-35F1-4A23-BA06-F2F906EBDCF1} = {C7F9586C-AF47-452F-B49D-209B7FFA5D83}
		{C828F909-5377-47E4-AECA-FCD737E53E3F} = {C7F9586C-AF47-452F-B49D-209B7FFA5D83}
		{51CDF013-C239-4DBB-9DE9-D4CF4A75E707} = {C7F9586C-AF47-452F-B49D-209B7FFA5D83}
		{B667C594-161C-48E1-BD69-7B1D1942F39A} = {C7F9586C-AF47-452F-B49D-209B7FFA5D83}
		{5AB2F504-99E3-4B60-A0F5-0F788DB0BAC4} = {C7F9586C-AF47-452F-B49D-209B7FFA5D83}
		{8278E96F-007D-4693-B9CF-0FF05D819F87} = {C7F9586C-AF47-452F-B49D-209B7FFA5D83}
		{F858271A-039E-43B7-B930-9B5C51F35BAD} = {C7F9586C-AF47-452F-B49D-209B7FFA5D83}
		{457CC7BB-1DF1-476B-A51B-497171BBDB90} = {C7F9586C-AF47-452F-B49D-209B7FFA5D83}
		{675EDCB4-21CC-4D8E-B940-B878ED2C3E9F} = {C7F9586C-AF47-452F-B49D-209B7FFA5D83}
		{48F4A0D3-86E3-4981-91B2-8450FBB58EB9} = {C7F9586C-AF47-452F-B49D-209B7FFA5D83}
		{79E5A66E-CB39-4513-B4BA-D30D10E1691D} = {9F320BAE-EDEB-4FEA-9C8E-55F7AFFBDBDF}
		{E8C68A09-55FD-4A44-9656-AC7FC61CC063} = {9F320BAE-EDEB-4FEA-9C8E-55F7AFFBDBDF}
		{7497DC92-8B71-4793-8E5A-13DCB5F7F016} = {9F320BAE-EDEB-4FEA-9C8E-55F7AFFBDBDF}
		{B717C432-E5F8-4C60-893E-B2B53867EAA9} = {9F320BAE-EDEB-4FEA-9C8E-55F7AFFBDBDF}
		{047EF0C5-E151-4984-A1B8-0EC6DE5CDB69} = {9F320BAE-EDEB-4FEA-9C8E-55F7AFFBDBDF}
		{1F27A80E-C386-4783-BE8D-E51EC67ACD18} = {9F320BAE-EDEB-4FEA-9C8E-55F7AFFBDBDF}
		{8E6A06BF-0066-4426-BCBC-2DC689C9ACC6} = {9F320BAE-EDEB-4FEA-9C8E-55F7AFFBDBDF}
		{5536BB3C-9DD9-49AB-8EB5-B2C2247C3F84} = {9F320BAE-EDEB-4FEA-9C8E-55F7AFFBDBDF}
		{E16D658F-D059-466B-8B34-8AFC8E9E7F96} = {9F320BAE-EDEB-4FEA-9C8E-55F7AFFBDBDF}
		{46645E48-DC86-4932-90DA-05A95D8B19C4} = {9F320BAE-EDEB-4FEA-9C8E-55F7AFFBDBDF}
		{21514D34-9F0E-48B1-8334-B1189C6656BA} = {E5372513-ED25-4B63-949F-1054677115A4}
		{DA1ECB1F-EE4C-4463-8ABA-8476F72F7AFA} = {E5372513-ED25-4B63-949F-1054677115A4}
		{8E4B7162-8633-47B3-B4EC-AFCD606E9892} = {E5372513-ED25-4B63-949F-1054677115A4}
		{8883BE86-1359-4810-A121-789B6119E9C5} = {E5372513-ED25-4B63-949F-1054677115A4}
		{2E4895FE-FFDE-4520-88EC-064F62FE408A} = {E5372513-ED25-4B63-949F-1054677115A4}
		{EE807EA1-1827-41D6-B185-5BCF1E64ACF4} = {E5372513-ED25-4B63-949F-1054677115A4}
		{3B58D56F-E685-4B3A-B146-14E80C7FC69B} = {E5372513-ED25-4B63-949F-1054677115A4}
		{971CE11B-B092-4E73-9172-EE8B5A5B044C} = {E5372513-ED25-4B63-949F-1054677115A4}
		{EBF94AF4-F4F0-4ECF-8A49-2789DCFCF943} = {E5372513-ED25-4B63-949F-1054677115A4}
		{1E4A3CEE-67EE-4969-96A6-AD453AC394A3} = {E5372513-ED25-4B63-949F-1054677115A4}
		{142481D8-8FB9-41A6-94FD-594A8C36991E} = {5BCF11D8-8D7F-4375-902C-21D0A653B597}
		{DE24D744-6A58-49BB-B83B-FF91CFB8239C} = {5BCF11D8-8D7F-4375-902C-21D0A653B597}
		{92E625B9-7200-4457-950C-3CEF23DA9C4A} = {5BCF11D8-8D7F-4375-902C-21D0A653B597}
		{54DC6C7E-1D09-4596-87A8-DA380A677918} = {5BCF11D8-8D7F-4375-902C-21D0A653B597}
		{13D0FFFE-5220-4681-82C8-08EA6038DAC2} = {5BCF11D8-8D7F-4375-902C-21D0A653B597}
		{12CCE3C9-287A-4166-A44E-38335F0BF331} = {8B1DBC7B-0324-46EE-BF0E-88F24A32A703}
		{A7665475-67EF-4570-870B-9A3794900CDE} = {8B1DBC7B-0324-46EE-BF0E-88F24A32A703}
		{92237F5B-2CAB-4E71-A1E8-C0DA726DD3C8} = {8B1DBC7B-0324-46EE-BF0E-88F24A32A703}
		{DAD0435C-96B0-4827-B6E4-1F419255D570} = {8B1DBC7B-0324-46EE-BF0E-88F24A32A703}
		{52187CE9-E08A-4460-9282-F99626B8F901} = {8B1DBC7B-0324-46EE-BF0E-88F24A32A703}
		{3FDBA9C4-C66F-4BE1-8EBF-08F01C5C00B9} = {8B1DBC7B-0324-46EE-BF0E-88F24A32A703}
		{68592C65-D080-4724-9235-8DAA290BE7C3} = {8B1DBC7B-0324-46EE-BF0E-88F24A32A703}
		{54CE125B-30C8-455D-BDDA-37C967A8AD4B} = {8B1DBC7B-0324-46EE-BF0E-88F24A32A703}
		{D7C75492-6944-4010-B3AC-513B5D71DB0B} = {8B1DBC7B-0324-46EE-BF0E-88F24A32A703}
		{F7922703-6249-4FEB-87A6-BA6E4B1263E7} = {8B1DBC7B-0324-46EE-BF0E-88F24A32A703}
	EndGlobalSection
	GlobalSection(ExtensibilityGlobals) = postSolution
		SolutionGuid = {B2B0CE51-2ADC-4899-86BA-F096BE6EC533}
	EndGlobalSection
EndGlobal
