
Microsoft Visual Studio Solution File, Format Version 12.00
# Visual Studio Version 17
VisualStudioVersion = 17.5.002.0
MinimumVisualStudioVersion = 10.0.40219.1
Project("{9A19103F-16F7-4668-BE54-9A1E7A4F7556}") = "ETicaretUgulamasi", "ETicaretUgulamasi.csproj", "{7C0D2D75-2A9A-482B-963E-42E52535AD7E}"
EndProject
Global
	GlobalSection(SolutionConfigurationPlatforms) = preSolution
		Debug|Any CPU = Debug|Any CPU
		Release|Any CPU = Release|Any CPU
	EndGlobalSection
	GlobalSection(ProjectConfigurationPlatforms) = postSolution
		{7C0D2D75-2A9A-482B-963E-42E52535AD7E}.Debug|Any CPU.ActiveCfg = Debug|Any CPU
		{7C0D2D75-2A9A-482B-963E-42E52535AD7E}.Debug|Any CPU.Build.0 = Debug|Any CPU
		{7C0D2D75-2A9A-482B-963E-42E52535AD7E}.Release|Any CPU.ActiveCfg = Release|Any CPU
		{7C0D2D75-2A9A-482B-963E-42E52535AD7E}.Release|Any CPU.Build.0 = Release|Any CPU
	EndGlobalSection
	GlobalSection(SolutionProperties) = preSolution
		HideSolutionNode = FALSE
	EndGlobalSection
	GlobalSection(ExtensibilityGlobals) = postSolution
		SolutionGuid = {2DA490DF-66C2-46C9-96F2-1942EA457A83}
	EndGlobalSection
EndGlobal
