
Microsoft Visual Studio Solution File, Format Version 12.00
# Visual Studio Version 17
VisualStudioVersion = 17.5.002.0
MinimumVisualStudioVersion = 10.0.40219.1
Project("{9A19103F-16F7-4668-BE54-9A1E7A4F7556}") = "OgrenciYonetimSistemi", "OgrenciYonetimSistemi.csproj", "{5C0DF89E-C2B4-4324-8C97-24F7C133D33B}"
EndProject
Global
	GlobalSection(SolutionConfigurationPlatforms) = preSolution
		Debug|Any CPU = Debug|Any CPU
		Release|Any CPU = Release|Any CPU
	EndGlobalSection
	GlobalSection(ProjectConfigurationPlatforms) = postSolution
		{5C0DF89E-C2B4-4324-8C97-24F7C133D33B}.Debug|Any CPU.ActiveCfg = Debug|Any CPU
		{5C0DF89E-C2B4-4324-8C97-24F7C133D33B}.Debug|Any CPU.Build.0 = Debug|Any CPU
		{5C0DF89E-C2B4-4324-8C97-24F7C133D33B}.Release|Any CPU.ActiveCfg = Release|Any CPU
		{5C0DF89E-C2B4-4324-8C97-24F7C133D33B}.Release|Any CPU.Build.0 = Release|Any CPU
	EndGlobalSection
	GlobalSection(SolutionProperties) = preSolution
		HideSolutionNode = FALSE
	EndGlobalSection
	GlobalSection(ExtensibilityGlobals) = postSolution
		SolutionGuid = {19146EFC-7F4F-4156-BABE-2BE0F7557268}
	EndGlobalSection
EndGlobal
