
Microsoft Visual Studio Solution File, Format Version 12.00
# Visual Studio Version 17
VisualStudioVersion = 17.5.002.0
MinimumVisualStudioVersion = 10.0.40219.1
Project("{9A19103F-16F7-4668-BE54-9A1E7A4F7556}") = "Soru2", "Soru2.csproj", "{811081B2-77AA-42C5-AC82-00067C91EB82}"
EndProject
Global
	GlobalSection(SolutionConfigurationPlatforms) = preSolution
		Debug|Any CPU = Debug|Any CPU
		Release|Any CPU = Release|Any CPU
	EndGlobalSection
	GlobalSection(ProjectConfigurationPlatforms) = postSolution
		{811081B2-77AA-42C5-AC82-00067C91EB82}.Debug|Any CPU.ActiveCfg = Debug|Any CPU
		{811081B2-77AA-42C5-AC82-00067C91EB82}.Debug|Any CPU.Build.0 = Debug|Any CPU
		{811081B2-77AA-42C5-AC82-00067C91EB82}.Release|Any CPU.ActiveCfg = Release|Any CPU
		{811081B2-77AA-42C5-AC82-00067C91EB82}.Release|Any CPU.Build.0 = Release|Any CPU
	EndGlobalSection
	GlobalSection(SolutionProperties) = preSolution
		HideSolutionNode = FALSE
	EndGlobalSection
	GlobalSection(ExtensibilityGlobals) = postSolution
		SolutionGuid = {D9D2A0D7-2394-423E-9993-C7C3A0C87ABB}
	EndGlobalSection
EndGlobal
